
Microsoft Visual Studio Solution File, Format Version 12.00
# Visual Studio 2013
VisualStudioVersion = 12.0.40629.0
MinimumVisualStudioVersion = 10.0.40219.1
Project("{FAE04EC0-301F-11D3-BF4B-00C04F79EFBC}") = "Project_20210503_EntityFramework", "Project_20210503_EntityFramework\Project_20210503_EntityFramework.csproj", "{F60F1993-FD57-46A1-BEC4-EB36A3175066}"
EndProject
Project("{FAE04EC0-301F-11D3-BF4B-00C04F79EFBC}") = "Models", "Models\Models.csproj", "{8329D961-C000-439A-A6A2-8B254C8690B3}"
EndProject
Global
	GlobalSection(SolutionConfigurationPlatforms) = preSolution
		Debug|Any CPU = Debug|Any CPU
		Release|Any CPU = Release|Any CPU
	EndGlobalSection
	GlobalSection(ProjectConfigurationPlatforms) = postSolution
		{F60F1993-FD57-46A1-BEC4-EB36A3175066}.Debug|Any CPU.ActiveCfg = Debug|Any CPU
		{F60F1993-FD57-46A1-BEC4-EB36A3175066}.Debug|Any CPU.Build.0 = Debug|Any CPU
		{F60F1993-FD57-46A1-BEC4-EB36A3175066}.Release|Any CPU.ActiveCfg = Release|Any CPU
		{F60F1993-FD57-46A1-BEC4-EB36A3175066}.Release|Any CPU.Build.0 = Release|Any CPU
		{8329D961-C000-439A-A6A2-8B254C8690B3}.Debug|Any CPU.ActiveCfg = Debug|Any CPU
		{8329D961-C000-439A-A6A2-8B254C8690B3}.Debug|Any CPU.Build.0 = Debug|Any CPU
		{8329D961-C000-439A-A6A2-8B254C8690B3}.Release|Any CPU.ActiveCfg = Release|Any CPU
		{8329D961-C000-439A-A6A2-8B254C8690B3}.Release|Any CPU.Build.0 = Release|Any CPU
	EndGlobalSection
	GlobalSection(SolutionProperties) = preSolution
		HideSolutionNode = FALSE
	EndGlobalSection
EndGlobal
