
Microsoft Visual Studio Solution File, Format Version 12.00
# Visual Studio 2013
VisualStudioVersion = 12.0.40629.0
MinimumVisualStudioVersion = 10.0.40219.1
Project("{FAE04EC0-301F-11D3-BF4B-00C04F79EFBC}") = "Project_20210416_Login", "Project_20210416_Login\Project_20210416_Login.csproj", "{7B833264-B17F-474F-AEAE-06260074ADFB}"
EndProject
Project("{FAE04EC0-301F-11D3-BF4B-00C04F79EFBC}") = "Models", "Models\Models.csproj", "{EB798329-30C3-407C-8361-03B712672743}"
EndProject
Global
	GlobalSection(SolutionConfigurationPlatforms) = preSolution
		Debug|Any CPU = Debug|Any CPU
		Release|Any CPU = Release|Any CPU
	EndGlobalSection
	GlobalSection(ProjectConfigurationPlatforms) = postSolution
		{7B833264-B17F-474F-AEAE-06260074ADFB}.Debug|Any CPU.ActiveCfg = Debug|Any CPU
		{7B833264-B17F-474F-AEAE-06260074ADFB}.Debug|Any CPU.Build.0 = Debug|Any CPU
		{7B833264-B17F-474F-AEAE-06260074ADFB}.Release|Any CPU.ActiveCfg = Release|Any CPU
		{7B833264-B17F-474F-AEAE-06260074ADFB}.Release|Any CPU.Build.0 = Release|Any CPU
		{EB798329-30C3-407C-8361-03B712672743}.Debug|Any CPU.ActiveCfg = Debug|Any CPU
		{EB798329-30C3-407C-8361-03B712672743}.Debug|Any CPU.Build.0 = Debug|Any CPU
		{EB798329-30C3-407C-8361-03B712672743}.Release|Any CPU.ActiveCfg = Release|Any CPU
		{EB798329-30C3-407C-8361-03B712672743}.Release|Any CPU.Build.0 = Release|Any CPU
	EndGlobalSection
	GlobalSection(SolutionProperties) = preSolution
		HideSolutionNode = FALSE
	EndGlobalSection
EndGlobal
