
Microsoft Visual Studio Solution File, Format Version 12.00
# Visual Studio 2013
VisualStudioVersion = 12.0.40629.0
MinimumVisualStudioVersion = 10.0.40219.1
Project("{FAE04EC0-301F-11D3-BF4B-00C04F79EFBC}") = "Project_OnTap_20210529", "Project_OnTap_20210529\Project_OnTap_20210529.csproj", "{6BA5F119-8F21-4DCF-B053-408D9F5010B8}"
EndProject
Project("{FAE04EC0-301F-11D3-BF4B-00C04F79EFBC}") = "Models", "Models\Models.csproj", "{7B4E244C-DB37-4598-ACB2-667A38C06177}"
EndProject
Global
	GlobalSection(SolutionConfigurationPlatforms) = preSolution
		Debug|Any CPU = Debug|Any CPU
		Release|Any CPU = Release|Any CPU
	EndGlobalSection
	GlobalSection(ProjectConfigurationPlatforms) = postSolution
		{6BA5F119-8F21-4DCF-B053-408D9F5010B8}.Debug|Any CPU.ActiveCfg = Debug|Any CPU
		{6BA5F119-8F21-4DCF-B053-408D9F5010B8}.Debug|Any CPU.Build.0 = Debug|Any CPU
		{6BA5F119-8F21-4DCF-B053-408D9F5010B8}.Release|Any CPU.ActiveCfg = Release|Any CPU
		{6BA5F119-8F21-4DCF-B053-408D9F5010B8}.Release|Any CPU.Build.0 = Release|Any CPU
		{7B4E244C-DB37-4598-ACB2-667A38C06177}.Debug|Any CPU.ActiveCfg = Debug|Any CPU
		{7B4E244C-DB37-4598-ACB2-667A38C06177}.Debug|Any CPU.Build.0 = Debug|Any CPU
		{7B4E244C-DB37-4598-ACB2-667A38C06177}.Release|Any CPU.ActiveCfg = Release|Any CPU
		{7B4E244C-DB37-4598-ACB2-667A38C06177}.Release|Any CPU.Build.0 = Release|Any CPU
	EndGlobalSection
	GlobalSection(SolutionProperties) = preSolution
		HideSolutionNode = FALSE
	EndGlobalSection
EndGlobal
