
Microsoft Visual Studio Solution File, Format Version 12.00
# Visual Studio 2013
VisualStudioVersion = 12.0.40629.0
MinimumVisualStudioVersion = 10.0.40219.1
Project("{FAE04EC0-301F-11D3-BF4B-00C04F79EFBC}") = "Project_20210410_AdminAreaWithSbAd", "Project_20210410_AdminAreaWithSbAd\Project_20210410_AdminAreaWithSbAd.csproj", "{25A4C2A0-A90F-46DF-AAA8-2DD146F6F896}"
EndProject
Project("{FAE04EC0-301F-11D3-BF4B-00C04F79EFBC}") = "Models", "Models\Models.csproj", "{16DBEEA9-4EF7-4B0A-A723-BB1C87052702}"
EndProject
Global
	GlobalSection(SolutionConfigurationPlatforms) = preSolution
		Debug|Any CPU = Debug|Any CPU
		Release|Any CPU = Release|Any CPU
	EndGlobalSection
	GlobalSection(ProjectConfigurationPlatforms) = postSolution
		{25A4C2A0-A90F-46DF-AAA8-2DD146F6F896}.Debug|Any CPU.ActiveCfg = Debug|Any CPU
		{25A4C2A0-A90F-46DF-AAA8-2DD146F6F896}.Debug|Any CPU.Build.0 = Debug|Any CPU
		{25A4C2A0-A90F-46DF-AAA8-2DD146F6F896}.Release|Any CPU.ActiveCfg = Release|Any CPU
		{25A4C2A0-A90F-46DF-AAA8-2DD146F6F896}.Release|Any CPU.Build.0 = Release|Any CPU
		{16DBEEA9-4EF7-4B0A-A723-BB1C87052702}.Debug|Any CPU.ActiveCfg = Debug|Any CPU
		{16DBEEA9-4EF7-4B0A-A723-BB1C87052702}.Debug|Any CPU.Build.0 = Debug|Any CPU
		{16DBEEA9-4EF7-4B0A-A723-BB1C87052702}.Release|Any CPU.ActiveCfg = Release|Any CPU
		{16DBEEA9-4EF7-4B0A-A723-BB1C87052702}.Release|Any CPU.Build.0 = Release|Any CPU
	EndGlobalSection
	GlobalSection(SolutionProperties) = preSolution
		HideSolutionNode = FALSE
	EndGlobalSection
EndGlobal
