
Microsoft Visual Studio Solution File, Format Version 12.00
# Visual Studio 2013
VisualStudioVersion = 12.0.40629.0
MinimumVisualStudioVersion = 10.0.40219.1
Project("{FAE04EC0-301F-11D3-BF4B-00C04F79EFBC}") = "ExamWebApplication01", "ExamWebApplication01\ExamWebApplication01.csproj", "{712CFF15-B05C-4AB2-B9E4-42C7F01924D9}"
EndProject
Project("{FAE04EC0-301F-11D3-BF4B-00C04F79EFBC}") = "ExamWebApplicationEmpty", "ExamWebApplicationEmpty\ExamWebApplicationEmpty.csproj", "{6C0AA8AB-ABF6-4763-96B4-8A7D66DF7DD9}"
EndProject
Global
	GlobalSection(SolutionConfigurationPlatforms) = preSolution
		Debug|Any CPU = Debug|Any CPU
		Release|Any CPU = Release|Any CPU
	EndGlobalSection
	GlobalSection(ProjectConfigurationPlatforms) = postSolution
		{712CFF15-B05C-4AB2-B9E4-42C7F01924D9}.Debug|Any CPU.ActiveCfg = Debug|Any CPU
		{712CFF15-B05C-4AB2-B9E4-42C7F01924D9}.Debug|Any CPU.Build.0 = Debug|Any CPU
		{712CFF15-B05C-4AB2-B9E4-42C7F01924D9}.Release|Any CPU.ActiveCfg = Release|Any CPU
		{712CFF15-B05C-4AB2-B9E4-42C7F01924D9}.Release|Any CPU.Build.0 = Release|Any CPU
		{6C0AA8AB-ABF6-4763-96B4-8A7D66DF7DD9}.Debug|Any CPU.ActiveCfg = Debug|Any CPU
		{6C0AA8AB-ABF6-4763-96B4-8A7D66DF7DD9}.Debug|Any CPU.Build.0 = Debug|Any CPU
		{6C0AA8AB-ABF6-4763-96B4-8A7D66DF7DD9}.Release|Any CPU.ActiveCfg = Release|Any CPU
		{6C0AA8AB-ABF6-4763-96B4-8A7D66DF7DD9}.Release|Any CPU.Build.0 = Release|Any CPU
	EndGlobalSection
	GlobalSection(SolutionProperties) = preSolution
		HideSolutionNode = FALSE
	EndGlobalSection
EndGlobal
