
Microsoft Visual Studio Solution File, Format Version 12.00
# Visual Studio 2013
VisualStudioVersion = 12.0.40629.0
MinimumVisualStudioVersion = 10.0.40219.1
Project("{FAE04EC0-301F-11D3-BF4B-00C04F79EFBC}") = "Project_20210426_Search", "Project_20210426_Search\Project_20210426_Search.csproj", "{C9E22AC7-E3F1-4AEF-A212-1157F8E8D777}"
EndProject
Project("{FAE04EC0-301F-11D3-BF4B-00C04F79EFBC}") = "Models", "Models\Models.csproj", "{C160F016-C803-44C4-8F69-FF78A294DEA8}"
EndProject
Global
	GlobalSection(SolutionConfigurationPlatforms) = preSolution
		Debug|Any CPU = Debug|Any CPU
		Release|Any CPU = Release|Any CPU
	EndGlobalSection
	GlobalSection(ProjectConfigurationPlatforms) = postSolution
		{C9E22AC7-E3F1-4AEF-A212-1157F8E8D777}.Debug|Any CPU.ActiveCfg = Debug|Any CPU
		{C9E22AC7-E3F1-4AEF-A212-1157F8E8D777}.Debug|Any CPU.Build.0 = Debug|Any CPU
		{C9E22AC7-E3F1-4AEF-A212-1157F8E8D777}.Release|Any CPU.ActiveCfg = Release|Any CPU
		{C9E22AC7-E3F1-4AEF-A212-1157F8E8D777}.Release|Any CPU.Build.0 = Release|Any CPU
		{C160F016-C803-44C4-8F69-FF78A294DEA8}.Debug|Any CPU.ActiveCfg = Debug|Any CPU
		{C160F016-C803-44C4-8F69-FF78A294DEA8}.Debug|Any CPU.Build.0 = Debug|Any CPU
		{C160F016-C803-44C4-8F69-FF78A294DEA8}.Release|Any CPU.ActiveCfg = Release|Any CPU
		{C160F016-C803-44C4-8F69-FF78A294DEA8}.Release|Any CPU.Build.0 = Release|Any CPU
	EndGlobalSection
	GlobalSection(SolutionProperties) = preSolution
		HideSolutionNode = FALSE
	EndGlobalSection
EndGlobal
